
Microsoft Visual Studio Solution File, Format Version 12.00
# Visual Studio Version 16
VisualStudioVersion = 16.0.29613.14
MinimumVisualStudioVersion = 10.0.40219.1
Project("{FAE04EC0-301F-11D3-BF4B-00C04F79EFBC}") = "TelaLogin", "TelaLogin\TelaLogin.csproj", "{0BC148C6-9060-44B5-83B7-F35BEEB22FFF}"
EndProject
Global
	GlobalSection(SolutionConfigurationPlatforms) = preSolution
		Debug|Any CPU = Debug|Any CPU
		Release|Any CPU = Release|Any CPU
	EndGlobalSection
	GlobalSection(ProjectConfigurationPlatforms) = postSolution
		{0BC148C6-9060-44B5-83B7-F35BEEB22FFF}.Debug|Any CPU.ActiveCfg = Debug|Any CPU
		{0BC148C6-9060-44B5-83B7-F35BEEB22FFF}.Debug|Any CPU.Build.0 = Debug|Any CPU
		{0BC148C6-9060-44B5-83B7-F35BEEB22FFF}.Release|Any CPU.ActiveCfg = Release|Any CPU
		{0BC148C6-9060-44B5-83B7-F35BEEB22FFF}.Release|Any CPU.Build.0 = Release|Any CPU
	EndGlobalSection
	GlobalSection(SolutionProperties) = preSolution
		HideSolutionNode = FALSE
	EndGlobalSection
	GlobalSection(ExtensibilityGlobals) = postSolution
		SolutionGuid = {AAE03B80-5426-426A-8567-1F9FB87AFBDC}
	EndGlobalSection
EndGlobal
